{
  "name": "sbcwiki",
  "lockfileVersion": 2,
  "requires": true,
  "packages": {
    "": {
      "dependencies": {
        "animate.css": "^4.1.1",
        "sparqljs": "^3.6.2"
      }
    },
    "node_modules/@rdfjs/types": {
      "version": "1.1.0",
      "resolved": "https://registry.npmjs.org/@rdfjs/types/-/types-1.1.0.tgz",
      "integrity": "sha512-5zm8bN2/CC634dTcn/0AhTRLaQRjXDZs3QfcAsQKNturHT7XVWcKy/8p3P5gXl+YkZTAmy7T5M/LyiT/jbkENw==",
      "dependencies": {
        "@types/node": "*"
      }
    },
    "node_modules/@types/node": {
      "version": "20.2.5",
      "resolved": "https://registry.npmjs.org/@types/node/-/node-20.2.5.tgz",
      "integrity": "sha512-JJulVEQXmiY9Px5axXHeYGLSjhkZEnD+MDPDGbCbIAbMslkKwmygtZFy1X6s/075Yo94sf8GuSlFfPzysQrWZQ=="
    },
    "node_modules/animate.css": {
      "version": "4.1.1",
      "resolved": "https://registry.npmjs.org/animate.css/-/animate.css-4.1.1.tgz",
      "integrity": "sha512-+mRmCTv6SbCmtYJCN4faJMNFVNN5EuCTTprDTAo7YzIGji2KADmakjVA3+8mVDkZ2Bf09vayB35lSQIex2+QaQ=="
    },
    "node_modules/rdf-data-factory": {
      "version": "1.1.1",
      "resolved": "https://registry.npmjs.org/rdf-data-factory/-/rdf-data-factory-1.1.1.tgz",
      "integrity": "sha512-0HoLx7lbBlNd2YTmNKin0txgiYmAV56eVU823at8cG2+iD0Ia5kcRNDpzZy6I/HCtFTymHvTfdhHTzm3ak3Jpw==",
      "dependencies": {
        "@rdfjs/types": "*"
      }
    },
    "node_modules/sparqljs": {
      "version": "3.6.2",
      "resolved": "https://registry.npmjs.org/sparqljs/-/sparqljs-3.6.2.tgz",
      "integrity": "sha512-KQEJPaOMeeDpdYYuiFb3JEErRLL8XqX4G7sdhZyHC6Qn4+PEMUff/EjUGkwcJ6aCC0JCTIgxDpRdE3+GFXpdxw==",
      "dependencies": {
        "rdf-data-factory": "^1.1.1"
      },
      "bin": {
        "sparqljs": "bin/sparql-to-json"
      },
      "engines": {
        "node": "^12.22.0 || ^14.17.0 || >=16.0.0"
      }
    }
  },
  "dependencies": {
    "@rdfjs/types": {
      "version": "1.1.0",
      "resolved": "https://registry.npmjs.org/@rdfjs/types/-/types-1.1.0.tgz",
      "integrity": "sha512-5zm8bN2/CC634dTcn/0AhTRLaQRjXDZs3QfcAsQKNturHT7XVWcKy/8p3P5gXl+YkZTAmy7T5M/LyiT/jbkENw==",
      "requires": {
        "@types/node": "*"
      }
    },
    "@types/node": {
      "version": "20.2.5",
      "resolved": "https://registry.npmjs.org/@types/node/-/node-20.2.5.tgz",
      "integrity": "sha512-JJulVEQXmiY9Px5axXHeYGLSjhkZEnD+MDPDGbCbIAbMslkKwmygtZFy1X6s/075Yo94sf8GuSlFfPzysQrWZQ=="
    },
    "animate.css": {
      "version": "4.1.1",
      "resolved": "https://registry.npmjs.org/animate.css/-/animate.css-4.1.1.tgz",
      "integrity": "sha512-+mRmCTv6SbCmtYJCN4faJMNFVNN5EuCTTprDTAo7YzIGji2KADmakjVA3+8mVDkZ2Bf09vayB35lSQIex2+QaQ=="
    },
    "rdf-data-factory": {
      "version": "1.1.1",
      "resolved": "https://registry.npmjs.org/rdf-data-factory/-/rdf-data-factory-1.1.1.tgz",
      "integrity": "sha512-0HoLx7lbBlNd2YTmNKin0txgiYmAV56eVU823at8cG2+iD0Ia5kcRNDpzZy6I/HCtFTymHvTfdhHTzm3ak3Jpw==",
      "requires": {
        "@rdfjs/types": "*"
      }
    },
    "sparqljs": {
      "version": "3.6.2",
      "resolved": "https://registry.npmjs.org/sparqljs/-/sparqljs-3.6.2.tgz",
      "integrity": "sha512-KQEJPaOMeeDpdYYuiFb3JEErRLL8XqX4G7sdhZyHC6Qn4+PEMUff/EjUGkwcJ6aCC0JCTIgxDpRdE3+GFXpdxw==",
      "requires": {
        "rdf-data-factory": "^1.1.1"
      }
    }
  }
}
